
Microsoft Visual Studio Solution File, Format Version 12.00
# Visual Studio 15
Project("{FAE04EC0-301F-11D3-BF4B-00C04F79EFBC}") = "whattttt", "whattttt\whattttt.csproj", "{752AAC00-58FB-44F6-A0C2-473100082241}"
EndProject
Global
	GlobalSection(SolutionConfigurationPlatforms) = preSolution
		Debug|Any CPU = Debug|Any CPU
		Release|Any CPU = Release|Any CPU
	EndGlobalSection
	GlobalSection(ProjectConfigurationPlatforms) = postSolution
		{752AAC00-58FB-44F6-A0C2-473100082241}.Debug|Any CPU.ActiveCfg = Debug|Any CPU
		{752AAC00-58FB-44F6-A0C2-473100082241}.Debug|Any CPU.Build.0 = Debug|Any CPU
		{752AAC00-58FB-44F6-A0C2-473100082241}.Release|Any CPU.ActiveCfg = Release|Any CPU
		{752AAC00-58FB-44F6-A0C2-473100082241}.Release|Any CPU.Build.0 = Release|Any CPU
	EndGlobalSection
EndGlobal
